
Microsoft Visual Studio Solution File, Format Version 12.00
# Visual Studio Version 17
VisualStudioVersion = 17.14.36212.18 d17.14
MinimumVisualStudioVersion = 10.0.40219.1
Project("{8BC9CEB8-8B4A-11D0-8D11-00A0C91BC942}") = "Labsheet 2", "Labsheet 2\Labsheet 2.vcxproj", "{180C4635-428F-40DE-8060-2DB0EB82511B}"
EndProject
Global
	GlobalSection(SolutionConfigurationPlatforms) = preSolution
		Debug|x64 = Debug|x64
		Debug|x86 = Debug|x86
		Release|x64 = Release|x64
		Release|x86 = Release|x86
	EndGlobalSection
	GlobalSection(ProjectConfigurationPlatforms) = postSolution
		{180C4635-428F-40DE-8060-2DB0EB82511B}.Debug|x64.ActiveCfg = Debug|x64
		{180C4635-428F-40DE-8060-2DB0EB82511B}.Debug|x64.Build.0 = Debug|x64
		{180C4635-428F-40DE-8060-2DB0EB82511B}.Debug|x86.ActiveCfg = Debug|Win32
		{180C4635-428F-40DE-8060-2DB0EB82511B}.Debug|x86.Build.0 = Debug|Win32
		{180C4635-428F-40DE-8060-2DB0EB82511B}.Release|x64.ActiveCfg = Release|x64
		{180C4635-428F-40DE-8060-2DB0EB82511B}.Release|x64.Build.0 = Release|x64
		{180C4635-428F-40DE-8060-2DB0EB82511B}.Release|x86.ActiveCfg = Release|Win32
		{180C4635-428F-40DE-8060-2DB0EB82511B}.Release|x86.Build.0 = Release|Win32
	EndGlobalSection
	GlobalSection(SolutionProperties) = preSolution
		HideSolutionNode = FALSE
	EndGlobalSection
	GlobalSection(ExtensibilityGlobals) = postSolution
		SolutionGuid = {825F0D6D-A900-4E36-9971-A9D407830CB2}
	EndGlobalSection
EndGlobal
